// !$*UTF8*$!
{
	archiveVersion = 1;
	classes = {
	};
	objectVersion = 56;
	objects = {

/* Begin PBXBuildFile section */
		DE09C4F42A8088860094F701 /* TodoCell.swift in Sources */ = {isa = PBXBuildFile; fileRef = DE09C4F32A8088860094F701 /* TodoCell.swift */; };
		DE3DBAFA2A79AD32004739A9 /* AppDelegate.swift in Sources */ = {isa = PBXBuildFile; fileRef = DE3DBAF92A79AD32004739A9 /* AppDelegate.swift */; };
		DE3DBAFC2A79AD32004739A9 /* SceneDelegate.swift in Sources */ = {isa = PBXBuildFile; fileRef = DE3DBAFB2A79AD32004739A9 /* SceneDelegate.swift */; };
		DE3DBAFE2A79AD32004739A9 /* HomePageVC.swift in Sources */ = {isa = PBXBuildFile; fileRef = DE3DBAFD2A79AD32004739A9 /* HomePageVC.swift */; };
		DE3DBB012A79AD32004739A9 /* Main.storyboard in Resources */ = {isa = PBXBuildFile; fileRef = DE3DBAFF2A79AD32004739A9 /* Main.storyboard */; };
		DE3DBB032A79AD33004739A9 /* Assets.xcassets in Resources */ = {isa = PBXBuildFile; fileRef = DE3DBB022A79AD33004739A9 /* Assets.xcassets */; };
		DE3DBB062A79AD33004739A9 /* LaunchScreen.storyboard in Resources */ = {isa = PBXBuildFile; fileRef = DE3DBB042A79AD33004739A9 /* LaunchScreen.storyboard */; };
		DE3DBB122A79C2A1004739A9 /* SavePageVC.swift in Sources */ = {isa = PBXBuildFile; fileRef = DE3DBB112A79C2A1004739A9 /* SavePageVC.swift */; };
		DE3DBB142A79C38E004739A9 /* DetailPageVC.swift in Sources */ = {isa = PBXBuildFile; fileRef = DE3DBB132A79C38E004739A9 /* DetailPageVC.swift */; };
		DE3DBB162A79DACD004739A9 /* Todo.swift in Sources */ = {isa = PBXBuildFile; fileRef = DE3DBB152A79DACD004739A9 /* Todo.swift */; };
		DE5338192A882A5400F48BCE /* RxSwift in Frameworks */ = {isa = PBXBuildFile; productRef = DE5338182A882A5400F48BCE /* RxSwift */; };
		DE53381C2A882C2A00F48BCE /* TodoDaoRepository.swift in Sources */ = {isa = PBXBuildFile; fileRef = DE53381B2A882C2A00F48BCE /* TodoDaoRepository.swift */; };
		DE53381F2A882EF100F48BCE /* HomePageViewModel.swift in Sources */ = {isa = PBXBuildFile; fileRef = DE53381E2A882EF100F48BCE /* HomePageViewModel.swift */; };
		DE5338212A882F0400F48BCE /* SavePageViewModel.swift in Sources */ = {isa = PBXBuildFile; fileRef = DE5338202A882F0400F48BCE /* SavePageViewModel.swift */; };
		DE5338232A88300600F48BCE /* DetailPageViewModel.swift in Sources */ = {isa = PBXBuildFile; fileRef = DE5338222A88300600F48BCE /* DetailPageViewModel.swift */; };
		DE7A852B2A8DA66000A8D367 /* FMDatabase.m in Sources */ = {isa = PBXBuildFile; fileRef = DE7A85222A8DA66000A8D367 /* FMDatabase.m */; };
		DE7A852C2A8DA66000A8D367 /* FMDatabaseQueue.m in Sources */ = {isa = PBXBuildFile; fileRef = DE7A85232A8DA66000A8D367 /* FMDatabaseQueue.m */; };
		DE7A852D2A8DA66000A8D367 /* FMDatabaseAdditions.m in Sources */ = {isa = PBXBuildFile; fileRef = DE7A85252A8DA66000A8D367 /* FMDatabaseAdditions.m */; };
		DE7A852E2A8DA66000A8D367 /* FMDatabasePool.m in Sources */ = {isa = PBXBuildFile; fileRef = DE7A85282A8DA66000A8D367 /* FMDatabasePool.m */; };
		DE7A852F2A8DA66000A8D367 /* FMResultSet.m in Sources */ = {isa = PBXBuildFile; fileRef = DE7A852A2A8DA66000A8D367 /* FMResultSet.m */; };
		DE7A85312A8DA70D00A8D367 /* todo.sqlite in Resources */ = {isa = PBXBuildFile; fileRef = DE7A85302A8DA70D00A8D367 /* todo.sqlite */; };
/* End PBXBuildFile section */

/* Begin PBXFileReference section */
		DE09C4F32A8088860094F701 /* TodoCell.swift */ = {isa = PBXFileReference; lastKnownFileType = sourcecode.swift; path = TodoCell.swift; sourceTree = "<group>"; };
		DE3DBAF62A79AD32004739A9 /* ToDoApp.app */ = {isa = PBXFileReference; explicitFileType = wrapper.application; includeInIndex = 0; path = ToDoApp.app; sourceTree = BUILT_PRODUCTS_DIR; };
		DE3DBAF92A79AD32004739A9 /* AppDelegate.swift */ = {isa = PBXFileReference; lastKnownFileType = sourcecode.swift; path = AppDelegate.swift; sourceTree = "<group>"; };
		DE3DBAFB2A79AD32004739A9 /* SceneDelegate.swift */ = {isa = PBXFileReference; lastKnownFileType = sourcecode.swift; path = SceneDelegate.swift; sourceTree = "<group>"; };
		DE3DBAFD2A79AD32004739A9 /* HomePageVC.swift */ = {isa = PBXFileReference; lastKnownFileType = sourcecode.swift; path = HomePageVC.swift; sourceTree = "<group>"; };
		DE3DBB002A79AD32004739A9 /* Base */ = {isa = PBXFileReference; lastKnownFileType = file.storyboard; name = Base; path = Base.lproj/Main.storyboard; sourceTree = "<group>"; };
		DE3DBB022A79AD33004739A9 /* Assets.xcassets */ = {isa = PBXFileReference; lastKnownFileType = folder.assetcatalog; path = Assets.xcassets; sourceTree = "<group>"; };
		DE3DBB052A79AD33004739A9 /* Base */ = {isa = PBXFileReference; lastKnownFileType = file.storyboard; name = Base; path = Base.lproj/LaunchScreen.storyboard; sourceTree = "<group>"; };
		DE3DBB072A79AD33004739A9 /* Info.plist */ = {isa = PBXFileReference; lastKnownFileType = text.plist.xml; path = Info.plist; sourceTree = "<group>"; };
		DE3DBB112A79C2A1004739A9 /* SavePageVC.swift */ = {isa = PBXFileReference; lastKnownFileType = sourcecode.swift; path = SavePageVC.swift; sourceTree = "<group>"; };
		DE3DBB132A79C38E004739A9 /* DetailPageVC.swift */ = {isa = PBXFileReference; lastKnownFileType = sourcecode.swift; path = DetailPageVC.swift; sourceTree = "<group>"; };
		DE3DBB152A79DACD004739A9 /* Todo.swift */ = {isa = PBXFileReference; lastKnownFileType = sourcecode.swift; path = Todo.swift; sourceTree = "<group>"; };
		DE53381B2A882C2A00F48BCE /* TodoDaoRepository.swift */ = {isa = PBXFileReference; lastKnownFileType = sourcecode.swift; path = TodoDaoRepository.swift; sourceTree = "<group>"; };
		DE53381E2A882EF100F48BCE /* HomePageViewModel.swift */ = {isa = PBXFileReference; lastKnownFileType = sourcecode.swift; path = HomePageViewModel.swift; sourceTree = "<group>"; };
		DE5338202A882F0400F48BCE /* SavePageViewModel.swift */ = {isa = PBXFileReference; lastKnownFileType = sourcecode.swift; path = SavePageViewModel.swift; sourceTree = "<group>"; };
		DE5338222A88300600F48BCE /* DetailPageViewModel.swift */ = {isa = PBXFileReference; lastKnownFileType = sourcecode.swift; path = DetailPageViewModel.swift; sourceTree = "<group>"; };
		DE7A851E2A8DA5EC00A8D367 /* libsqlite3.tbd */ = {isa = PBXFileReference; lastKnownFileType = "sourcecode.text-based-dylib-definition"; name = libsqlite3.tbd; path = usr/lib/libsqlite3.tbd; sourceTree = SDKROOT; };
		DE7A851F2A8DA65F00A8D367 /* ToDoApp-Bridging-Header.h */ = {isa = PBXFileReference; lastKnownFileType = sourcecode.c.h; path = "ToDoApp-Bridging-Header.h"; sourceTree = "<group>"; };
		DE7A85202A8DA66000A8D367 /* FMDB.h */ = {isa = PBXFileReference; fileEncoding = 4; lastKnownFileType = sourcecode.c.h; path = FMDB.h; sourceTree = "<group>"; };
		DE7A85212A8DA66000A8D367 /* FMResultSet.h */ = {isa = PBXFileReference; fileEncoding = 4; lastKnownFileType = sourcecode.c.h; path = FMResultSet.h; sourceTree = "<group>"; };
		DE7A85222A8DA66000A8D367 /* FMDatabase.m */ = {isa = PBXFileReference; fileEncoding = 4; lastKnownFileType = sourcecode.c.objc; path = FMDatabase.m; sourceTree = "<group>"; };
		DE7A85232A8DA66000A8D367 /* FMDatabaseQueue.m */ = {isa = PBXFileReference; fileEncoding = 4; lastKnownFileType = sourcecode.c.objc; path = FMDatabaseQueue.m; sourceTree = "<group>"; };
		DE7A85242A8DA66000A8D367 /* FMDatabase.h */ = {isa = PBXFileReference; fileEncoding = 4; lastKnownFileType = sourcecode.c.h; path = FMDatabase.h; sourceTree = "<group>"; };
		DE7A85252A8DA66000A8D367 /* FMDatabaseAdditions.m */ = {isa = PBXFileReference; fileEncoding = 4; lastKnownFileType = sourcecode.c.objc; path = FMDatabaseAdditions.m; sourceTree = "<group>"; };
		DE7A85262A8DA66000A8D367 /* FMDatabaseAdditions.h */ = {isa = PBXFileReference; fileEncoding = 4; lastKnownFileType = sourcecode.c.h; path = FMDatabaseAdditions.h; sourceTree = "<group>"; };
		DE7A85272A8DA66000A8D367 /* FMDatabasePool.h */ = {isa = PBXFileReference; fileEncoding = 4; lastKnownFileType = sourcecode.c.h; path = FMDatabasePool.h; sourceTree = "<group>"; };
		DE7A85282A8DA66000A8D367 /* FMDatabasePool.m */ = {isa = PBXFileReference; fileEncoding = 4; lastKnownFileType = sourcecode.c.objc; path = FMDatabasePool.m; sourceTree = "<group>"; };
		DE7A85292A8DA66000A8D367 /* FMDatabaseQueue.h */ = {isa = PBXFileReference; fileEncoding = 4; lastKnownFileType = sourcecode.c.h; path = FMDatabaseQueue.h; sourceTree = "<group>"; };
		DE7A852A2A8DA66000A8D367 /* FMResultSet.m */ = {isa = PBXFileReference; fileEncoding = 4; lastKnownFileType = sourcecode.c.objc; path = FMResultSet.m; sourceTree = "<group>"; };
		DE7A85302A8DA70D00A8D367 /* todo.sqlite */ = {isa = PBXFileReference; lastKnownFileType = file; path = todo.sqlite; sourceTree = "<group>"; };
/* End PBXFileReference section */

/* Begin PBXFrameworksBuildPhase section */
		DE3DBAF32A79AD32004739A9 /* Frameworks */ = {
			isa = PBXFrameworksBuildPhase;
			buildActionMask = 2147483647;
			files = (
				DE5338192A882A5400F48BCE /* RxSwift in Frameworks */,
			);
			runOnlyForDeploymentPostprocessing = 0;
		};
/* End PBXFrameworksBuildPhase section */

/* Begin PBXGroup section */
		DE09C4F22A8088600094F701 /* tableview */ = {
			isa = PBXGroup;
			children = (
				DE09C4F32A8088860094F701 /* TodoCell.swift */,
			);
			path = tableview;
			sourceTree = "<group>";
		};
		DE3DBAED2A79AD32004739A9 = {
			isa = PBXGroup;
			children = (
				DE3DBAF82A79AD32004739A9 /* ToDoApp */,
				DE3DBAF72A79AD32004739A9 /* Products */,
				DE7A851D2A8DA5EC00A8D367 /* Frameworks */,
			);
			sourceTree = "<group>";
		};
		DE3DBAF72A79AD32004739A9 /* Products */ = {
			isa = PBXGroup;
			children = (
				DE3DBAF62A79AD32004739A9 /* ToDoApp.app */,
			);
			name = Products;
			sourceTree = "<group>";
		};
		DE3DBAF82A79AD32004739A9 /* ToDoApp */ = {
			isa = PBXGroup;
			children = (
				DE3DBAF92A79AD32004739A9 /* AppDelegate.swift */,
				DE3DBAFB2A79AD32004739A9 /* SceneDelegate.swift */,
				DE3DBB0E2A79B37C004739A9 /* ui */,
				DE3DBB0D2A79B36B004739A9 /* data */,
				DE3DBAFF2A79AD32004739A9 /* Main.storyboard */,
				DE3DBB022A79AD33004739A9 /* Assets.xcassets */,
				DE3DBB042A79AD33004739A9 /* LaunchScreen.storyboard */,
				DE3DBB072A79AD33004739A9 /* Info.plist */,
				DE7A85302A8DA70D00A8D367 /* todo.sqlite */,
				DE7A85242A8DA66000A8D367 /* FMDatabase.h */,
				DE7A85222A8DA66000A8D367 /* FMDatabase.m */,
				DE7A85262A8DA66000A8D367 /* FMDatabaseAdditions.h */,
				DE7A85252A8DA66000A8D367 /* FMDatabaseAdditions.m */,
				DE7A85272A8DA66000A8D367 /* FMDatabasePool.h */,
				DE7A85282A8DA66000A8D367 /* FMDatabasePool.m */,
				DE7A85292A8DA66000A8D367 /* FMDatabaseQueue.h */,
				DE7A85232A8DA66000A8D367 /* FMDatabaseQueue.m */,
				DE7A85202A8DA66000A8D367 /* FMDB.h */,
				DE7A85212A8DA66000A8D367 /* FMResultSet.h */,
				DE7A852A2A8DA66000A8D367 /* FMResultSet.m */,
				DE7A851F2A8DA65F00A8D367 /* ToDoApp-Bridging-Header.h */,
			);
			path = ToDoApp;
			sourceTree = "<group>";
		};
		DE3DBB0D2A79B36B004739A9 /* data */ = {
			isa = PBXGroup;
			children = (
				DE53381A2A882C0800F48BCE /* repo */,
				DE3DBB102A79B38C004739A9 /* entity */,
			);
			path = data;
			sourceTree = "<group>";
		};
		DE3DBB0E2A79B37C004739A9 /* ui */ = {
			isa = PBXGroup;
			children = (
				DE53381D2A882ECB00F48BCE /* viewmodel */,
				DE09C4F22A8088600094F701 /* tableview */,
				DE3DBB0F2A79B384004739A9 /* views */,
			);
			path = ui;
			sourceTree = "<group>";
		};
		DE3DBB0F2A79B384004739A9 /* views */ = {
			isa = PBXGroup;
			children = (
				DE3DBAFD2A79AD32004739A9 /* HomePageVC.swift */,
				DE3DBB112A79C2A1004739A9 /* SavePageVC.swift */,
				DE3DBB132A79C38E004739A9 /* DetailPageVC.swift */,
			);
			path = views;
			sourceTree = "<group>";
		};
		DE3DBB102A79B38C004739A9 /* entity */ = {
			isa = PBXGroup;
			children = (
				DE3DBB152A79DACD004739A9 /* Todo.swift */,
			);
			path = entity;
			sourceTree = "<group>";
		};
		DE53381A2A882C0800F48BCE /* repo */ = {
			isa = PBXGroup;
			children = (
				DE53381B2A882C2A00F48BCE /* TodoDaoRepository.swift */,
			);
			path = repo;
			sourceTree = "<group>";
		};
		DE53381D2A882ECB00F48BCE /* viewmodel */ = {
			isa = PBXGroup;
			children = (
				DE53381E2A882EF100F48BCE /* HomePageViewModel.swift */,
				DE5338202A882F0400F48BCE /* SavePageViewModel.swift */,
				DE5338222A88300600F48BCE /* DetailPageViewModel.swift */,
			);
			path = viewmodel;
			sourceTree = "<group>";
		};
		DE7A851D2A8DA5EC00A8D367 /* Frameworks */ = {
			isa = PBXGroup;
			children = (
				DE7A851E2A8DA5EC00A8D367 /* libsqlite3.tbd */,
			);
			name = Frameworks;
			sourceTree = "<group>";
		};
/* End PBXGroup section */

/* Begin PBXNativeTarget section */
		DE3DBAF52A79AD32004739A9 /* ToDoApp */ = {
			isa = PBXNativeTarget;
			buildConfigurationList = DE3DBB0A2A79AD33004739A9 /* Build configuration list for PBXNativeTarget "ToDoApp" */;
			buildPhases = (
				DE3DBAF22A79AD32004739A9 /* Sources */,
				DE3DBAF32A79AD32004739A9 /* Frameworks */,
				DE3DBAF42A79AD32004739A9 /* Resources */,
			);
			buildRules = (
			);
			dependencies = (
			);
			name = ToDoApp;
			packageProductDependencies = (
				DE5338182A882A5400F48BCE /* RxSwift */,
			);
			productName = ToDoApp;
			productReference = DE3DBAF62A79AD32004739A9 /* ToDoApp.app */;
			productType = "com.apple.product-type.application";
		};
/* End PBXNativeTarget section */

/* Begin PBXProject section */
		DE3DBAEE2A79AD32004739A9 /* Project object */ = {
			isa = PBXProject;
			attributes = {
				BuildIndependentTargetsInParallel = 1;
				LastSwiftUpdateCheck = 1420;
				LastUpgradeCheck = 1420;
				TargetAttributes = {
					DE3DBAF52A79AD32004739A9 = {
						CreatedOnToolsVersion = 14.2;
						LastSwiftMigration = 1420;
					};
				};
			};
			buildConfigurationList = DE3DBAF12A79AD32004739A9 /* Build configuration list for PBXProject "ToDoApp" */;
			compatibilityVersion = "Xcode 14.0";
			developmentRegion = en;
			hasScannedForEncodings = 0;
			knownRegions = (
				en,
				Base,
			);
			mainGroup = DE3DBAED2A79AD32004739A9;
			packageReferences = (
				DE5338172A882A5400F48BCE /* XCRemoteSwiftPackageReference "RxSwift" */,
			);
			productRefGroup = DE3DBAF72A79AD32004739A9 /* Products */;
			projectDirPath = "";
			projectRoot = "";
			targets = (
				DE3DBAF52A79AD32004739A9 /* ToDoApp */,
			);
		};
/* End PBXProject section */

/* Begin PBXResourcesBuildPhase section */
		DE3DBAF42A79AD32004739A9 /* Resources */ = {
			isa = PBXResourcesBuildPhase;
			buildActionMask = 2147483647;
			files = (
				DE3DBB062A79AD33004739A9 /* LaunchScreen.storyboard in Resources */,
				DE7A85312A8DA70D00A8D367 /* todo.sqlite in Resources */,
				DE3DBB032A79AD33004739A9 /* Assets.xcassets in Resources */,
				DE3DBB012A79AD32004739A9 /* Main.storyboard in Resources */,
			);
			runOnlyForDeploymentPostprocessing = 0;
		};
/* End PBXResourcesBuildPhase section */

/* Begin PBXSourcesBuildPhase section */
		DE3DBAF22A79AD32004739A9 /* Sources */ = {
			isa = PBXSourcesBuildPhase;
			buildActionMask = 2147483647;
			files = (
				DE3DBAFE2A79AD32004739A9 /* HomePageVC.swift in Sources */,
				DE3DBB142A79C38E004739A9 /* DetailPageVC.swift in Sources */,
				DE53381F2A882EF100F48BCE /* HomePageViewModel.swift in Sources */,
				DE7A852B2A8DA66000A8D367 /* FMDatabase.m in Sources */,
				DE7A852C2A8DA66000A8D367 /* FMDatabaseQueue.m in Sources */,
				DE7A852D2A8DA66000A8D367 /* FMDatabaseAdditions.m in Sources */,
				DE7A852F2A8DA66000A8D367 /* FMResultSet.m in Sources */,
				DE09C4F42A8088860094F701 /* TodoCell.swift in Sources */,
				DE7A852E2A8DA66000A8D367 /* FMDatabasePool.m in Sources */,
				DE3DBB122A79C2A1004739A9 /* SavePageVC.swift in Sources */,
				DE53381C2A882C2A00F48BCE /* TodoDaoRepository.swift in Sources */,
				DE5338232A88300600F48BCE /* DetailPageViewModel.swift in Sources */,
				DE3DBB162A79DACD004739A9 /* Todo.swift in Sources */,
				DE3DBAFA2A79AD32004739A9 /* AppDelegate.swift in Sources */,
				DE5338212A882F0400F48BCE /* SavePageViewModel.swift in Sources */,
				DE3DBAFC2A79AD32004739A9 /* SceneDelegate.swift in Sources */,
			);
			runOnlyForDeploymentPostprocessing = 0;
		};
/* End PBXSourcesBuildPhase section */

/* Begin PBXVariantGroup section */
		DE3DBAFF2A79AD32004739A9 /* Main.storyboard */ = {
			isa = PBXVariantGroup;
			children = (
				DE3DBB002A79AD32004739A9 /* Base */,
			);
			name = Main.storyboard;
			sourceTree = "<group>";
		};
		DE3DBB042A79AD33004739A9 /* LaunchScreen.storyboard */ = {
			isa = PBXVariantGroup;
			children = (
				DE3DBB052A79AD33004739A9 /* Base */,
			);
			name = LaunchScreen.storyboard;
			sourceTree = "<group>";
		};
/* End PBXVariantGroup section */

/* Begin XCBuildConfiguration section */
		DE3DBB082A79AD33004739A9 /* Debug */ = {
			isa = XCBuildConfiguration;
			buildSettings = {
				ALWAYS_SEARCH_USER_PATHS = NO;
				CLANG_ANALYZER_NONNULL = YES;
				CLANG_ANALYZER_NUMBER_OBJECT_CONVERSION = YES_AGGRESSIVE;
				CLANG_CXX_LANGUAGE_STANDARD = "gnu++20";
				CLANG_ENABLE_MODULES = YES;
				CLANG_ENABLE_OBJC_ARC = YES;
				CLANG_ENABLE_OBJC_WEAK = YES;
				CLANG_WARN_BLOCK_CAPTURE_AUTORELEASING = YES;
				CLANG_WARN_BOOL_CONVERSION = YES;
				CLANG_WARN_COMMA = YES;
				CLANG_WARN_CONSTANT_CONVERSION = YES;
				CLANG_WARN_DEPRECATED_OBJC_IMPLEMENTATIONS = YES;
				CLANG_WARN_DIRECT_OBJC_ISA_USAGE = YES_ERROR;
				CLANG_WARN_DOCUMENTATION_COMMENTS = YES;
				CLANG_WARN_EMPTY_BODY = YES;
				CLANG_WARN_ENUM_CONVERSION = YES;
				CLANG_WARN_INFINITE_RECURSION = YES;
				CLANG_WARN_INT_CONVERSION = YES;
				CLANG_WARN_NON_LITERAL_NULL_CONVERSION = YES;
				CLANG_WARN_OBJC_IMPLICIT_RETAIN_SELF = YES;
				CLANG_WARN_OBJC_LITERAL_CONVERSION = YES;
				CLANG_WARN_OBJC_ROOT_CLASS = YES_ERROR;
				CLANG_WARN_QUOTED_INCLUDE_IN_FRAMEWORK_HEADER = YES;
				CLANG_WARN_RANGE_LOOP_ANALYSIS = YES;
				CLANG_WARN_STRICT_PROTOTYPES = YES;
				CLANG_WARN_SUSPICIOUS_MOVE = YES;
				CLANG_WARN_UNGUARDED_AVAILABILITY = YES_AGGRESSIVE;
				CLANG_WARN_UNREACHABLE_CODE = YES;
				CLANG_WARN__DUPLICATE_METHOD_MATCH = YES;
				COPY_PHASE_STRIP = NO;
				DEBUG_INFORMATION_FORMAT = dwarf;
				ENABLE_STRICT_OBJC_MSGSEND = YES;
				ENABLE_TESTABILITY = YES;
				GCC_C_LANGUAGE_STANDARD = gnu11;
				GCC_DYNAMIC_NO_PIC = NO;
				GCC_NO_COMMON_BLOCKS = YES;
				GCC_OPTIMIZATION_LEVEL = 0;
				GCC_PREPROCESSOR_DEFINITIONS = (
					"DEBUG=1",
					"$(inherited)",
				);
				GCC_WARN_64_TO_32_BIT_CONVERSION = YES;
				GCC_WARN_ABOUT_RETURN_TYPE = YES_ERROR;
				GCC_WARN_UNDECLARED_SELECTOR = YES;
				GCC_WARN_UNINITIALIZED_AUTOS = YES_AGGRESSIVE;
				GCC_WARN_UNUSED_FUNCTION = YES;
				GCC_WARN_UNUSED_VARIABLE = YES;
				IPHONEOS_DEPLOYMENT_TARGET = 16.2;
				MTL_ENABLE_DEBUG_INFO = INCLUDE_SOURCE;
				MTL_FAST_MATH = YES;
				ONLY_ACTIVE_ARCH = YES;
				SDKROOT = iphoneos;
				SWIFT_ACTIVE_COMPILATION_CONDITIONS = DEBUG;
				SWIFT_OPTIMIZATION_LEVEL = "-Onone";
			};
			name = Debug;
		};
		DE3DBB092A79AD33004739A9 /* Release */ = {
			isa = XCBuildConfiguration;
			buildSettings = {
				ALWAYS_SEARCH_USER_PATHS = NO;
				CLANG_ANALYZER_NONNULL = YES;
				CLANG_ANALYZER_NUMBER_OBJECT_CONVERSION = YES_AGGRESSIVE;
				CLANG_CXX_LANGUAGE_STANDARD = "gnu++20";
				CLANG_ENABLE_MODULES = YES;
				CLANG_ENABLE_OBJC_ARC = YES;
				CLANG_ENABLE_OBJC_WEAK = YES;
				CLANG_WARN_BLOCK_CAPTURE_AUTORELEASING = YES;
				CLANG_WARN_BOOL_CONVERSION = YES;
				CLANG_WARN_COMMA = YES;
				CLANG_WARN_CONSTANT_CONVERSION = YES;
				CLANG_WARN_DEPRECATED_OBJC_IMPLEMENTATIONS = YES;
				CLANG_WARN_DIRECT_OBJC_ISA_USAGE = YES_ERROR;
				CLANG_WARN_DOCUMENTATION_COMMENTS = YES;
				CLANG_WARN_EMPTY_BODY = YES;
				CLANG_WARN_ENUM_CONVERSION = YES;
				CLANG_WARN_INFINITE_RECURSION = YES;
				CLANG_WARN_INT_CONVERSION = YES;
				CLANG_WARN_NON_LITERAL_NULL_CONVERSION = YES;
				CLANG_WARN_OBJC_IMPLICIT_RETAIN_SELF = YES;
				CLANG_WARN_OBJC_LITERAL_CONVERSION = YES;
				CLANG_WARN_OBJC_ROOT_CLASS = YES_ERROR;
				CLANG_WARN_QUOTED_INCLUDE_IN_FRAMEWORK_HEADER = YES;
				CLANG_WARN_RANGE_LOOP_ANALYSIS = YES;
				CLANG_WARN_STRICT_PROTOTYPES = YES;
				CLANG_WARN_SUSPICIOUS_MOVE = YES;
				CLANG_WARN_UNGUARDED_AVAILABILITY = YES_AGGRESSIVE;
				CLANG_WARN_UNREACHABLE_CODE = YES;
				CLANG_WARN__DUPLICATE_METHOD_MATCH = YES;
				COPY_PHASE_STRIP = NO;
				DEBUG_INFORMATION_FORMAT = "dwarf-with-dsym";
				ENABLE_NS_ASSERTIONS = NO;
				ENABLE_STRICT_OBJC_MSGSEND = YES;
				GCC_C_LANGUAGE_STANDARD = gnu11;
				GCC_NO_COMMON_BLOCKS = YES;
				GCC_WARN_64_TO_32_BIT_CONVERSION = YES;
				GCC_WARN_ABOUT_RETURN_TYPE = YES_ERROR;
				GCC_WARN_UNDECLARED_SELECTOR = YES;
				GCC_WARN_UNINITIALIZED_AUTOS = YES_AGGRESSIVE;
				GCC_WARN_UNUSED_FUNCTION = YES;
				GCC_WARN_UNUSED_VARIABLE = YES;
				IPHONEOS_DEPLOYMENT_TARGET = 16.2;
				MTL_ENABLE_DEBUG_INFO = NO;
				MTL_FAST_MATH = YES;
				SDKROOT = iphoneos;
				SWIFT_COMPILATION_MODE = wholemodule;
				SWIFT_OPTIMIZATION_LEVEL = "-O";
				VALIDATE_PRODUCT = YES;
			};
			name = Release;
		};
		DE3DBB0B2A79AD33004739A9 /* Debug */ = {
			isa = XCBuildConfiguration;
			buildSettings = {
				ASSETCATALOG_COMPILER_APPICON_NAME = AppIcon;
				ASSETCATALOG_COMPILER_GLOBAL_ACCENT_COLOR_NAME = AccentColor;
				CLANG_ENABLE_MODULES = YES;
				CODE_SIGN_STYLE = Automatic;
				CURRENT_PROJECT_VERSION = 1;
				DEVELOPMENT_TEAM = 782789T7J2;
				GENERATE_INFOPLIST_FILE = YES;
				INFOPLIST_FILE = ToDoApp/Info.plist;
				INFOPLIST_KEY_UIApplicationSupportsIndirectInputEvents = YES;
				INFOPLIST_KEY_UILaunchStoryboardName = LaunchScreen;
				INFOPLIST_KEY_UIMainStoryboardFile = Main;
				INFOPLIST_KEY_UISupportedInterfaceOrientations_iPad = "UIInterfaceOrientationPortrait UIInterfaceOrientationPortraitUpsideDown UIInterfaceOrientationLandscapeLeft UIInterfaceOrientationLandscapeRight";
				INFOPLIST_KEY_UISupportedInterfaceOrientations_iPhone = "UIInterfaceOrientationPortrait UIInterfaceOrientationLandscapeLeft UIInterfaceOrientationLandscapeRight";
				LD_RUNPATH_SEARCH_PATHS = (
					"$(inherited)",
					"@executable_path/Frameworks",
				);
				MARKETING_VERSION = 1.0;
				PRODUCT_BUNDLE_IDENTIFIER = com.ecemakcay.ToDoApp;
				PRODUCT_NAME = "$(TARGET_NAME)";
				SWIFT_EMIT_LOC_STRINGS = YES;
				SWIFT_OBJC_BRIDGING_HEADER = "ToDoApp/ToDoApp-Bridging-Header.h";
				SWIFT_OPTIMIZATION_LEVEL = "-Onone";
				SWIFT_VERSION = 5.0;
				TARGETED_DEVICE_FAMILY = "1,2";
			};
			name = Debug;
		};
		DE3DBB0C2A79AD33004739A9 /* Release */ = {
			isa = XCBuildConfiguration;
			buildSettings = {
				ASSETCATALOG_COMPILER_APPICON_NAME = AppIcon;
				ASSETCATALOG_COMPILER_GLOBAL_ACCENT_COLOR_NAME = AccentColor;
				CLANG_ENABLE_MODULES = YES;
				CODE_SIGN_STYLE = Automatic;
				CURRENT_PROJECT_VERSION = 1;
				DEVELOPMENT_TEAM = 782789T7J2;
				GENERATE_INFOPLIST_FILE = YES;
				INFOPLIST_FILE = ToDoApp/Info.plist;
				INFOPLIST_KEY_UIApplicationSupportsIndirectInputEvents = YES;
				INFOPLIST_KEY_UILaunchStoryboardName = LaunchScreen;
				INFOPLIST_KEY_UIMainStoryboardFile = Main;
				INFOPLIST_KEY_UISupportedInterfaceOrientations_iPad = "UIInterfaceOrientationPortrait UIInterfaceOrientationPortraitUpsideDown UIInterfaceOrientationLandscapeLeft UIInterfaceOrientationLandscapeRight";
				INFOPLIST_KEY_UISupportedInterfaceOrientations_iPhone = "UIInterfaceOrientationPortrait UIInterfaceOrientationLandscapeLeft UIInterfaceOrientationLandscapeRight";
				LD_RUNPATH_SEARCH_PATHS = (
					"$(inherited)",
					"@executable_path/Frameworks",
				);
				MARKETING_VERSION = 1.0;
				PRODUCT_BUNDLE_IDENTIFIER = com.ecemakcay.ToDoApp;
				PRODUCT_NAME = "$(TARGET_NAME)";
				SWIFT_EMIT_LOC_STRINGS = YES;
				SWIFT_OBJC_BRIDGING_HEADER = "ToDoApp/ToDoApp-Bridging-Header.h";
				SWIFT_VERSION = 5.0;
				TARGETED_DEVICE_FAMILY = "1,2";
			};
			name = Release;
		};
/* End XCBuildConfiguration section */

/* Begin XCConfigurationList section */
		DE3DBAF12A79AD32004739A9 /* Build configuration list for PBXProject "ToDoApp" */ = {
			isa = XCConfigurationList;
			buildConfigurations = (
				DE3DBB082A79AD33004739A9 /* Debug */,
				DE3DBB092A79AD33004739A9 /* Release */,
			);
			defaultConfigurationIsVisible = 0;
			defaultConfigurationName = Release;
		};
		DE3DBB0A2A79AD33004739A9 /* Build configuration list for PBXNativeTarget "ToDoApp" */ = {
			isa = XCConfigurationList;
			buildConfigurations = (
				DE3DBB0B2A79AD33004739A9 /* Debug */,
				DE3DBB0C2A79AD33004739A9 /* Release */,
			);
			defaultConfigurationIsVisible = 0;
			defaultConfigurationName = Release;
		};
/* End XCConfigurationList section */

/* Begin XCRemoteSwiftPackageReference section */
		DE5338172A882A5400F48BCE /* XCRemoteSwiftPackageReference "RxSwift" */ = {
			isa = XCRemoteSwiftPackageReference;
			repositoryURL = "https://github.com/ReactiveX/RxSwift.git";
			requirement = {
				branch = main;
				kind = branch;
			};
		};
/* End XCRemoteSwiftPackageReference section */

/* Begin XCSwiftPackageProductDependency section */
		DE5338182A882A5400F48BCE /* RxSwift */ = {
			isa = XCSwiftPackageProductDependency;
			package = DE5338172A882A5400F48BCE /* XCRemoteSwiftPackageReference "RxSwift" */;
			productName = RxSwift;
		};
/* End XCSwiftPackageProductDependency section */
	};
	rootObject = DE3DBAEE2A79AD32004739A9 /* Project object */;
}
